{
  "name": "sync-engine-docs",
  "lockfileVersion": 3,
  "requires": true,
  "packages": {
    "": {
      "name": "sync-engine-docs",
      "dependencies": {
        "@markdoc/markdoc": "^0.4"
      }
    },
    "node_modules/@markdoc/markdoc": {
      "version": "0.4.0",
      "resolved": "https://registry.npmjs.org/@markdoc/markdoc/-/markdoc-0.4.0.tgz",
      "integrity": "sha512-fSh4P3Y4E7oaKYc2oNzSIJVPDto7SMzAuQN1Iyx53UxzleA6QzRdNWRxmiPqtVDaDi5dELd2yICoG91csrGrAw==",
      "license": "MIT",
      "engines": {
        "node": ">=14.7.0"
      },
      "optionalDependencies": {
        "@types/markdown-it": "12.2.3"
      },
      "peerDependencies": {
        "@types/react": "*",
        "react": "*"
      },
      "peerDependenciesMeta": {
        "@types/react": {
          "optional": true
        },
        "react": {
          "optional": true
        }
      }
    },
    "node_modules/@types/linkify-it": {
      "version": "5.0.0",
      "resolved": "https://registry.npmjs.org/@types/linkify-it/-/linkify-it-5.0.0.tgz",
      "integrity": "sha512-sVDA58zAw4eWAffKOaQH5/5j3XeayukzDk+ewSsnv3p4yJEZHCCzMDiZM8e0OUrRvmpGZ85jf4yDHkHsgBNr9Q==",
      "license": "MIT",
      "optional": true
    },
    "node_modules/@types/markdown-it": {
      "version": "12.2.3",
      "resolved": "https://registry.npmjs.org/@types/markdown-it/-/markdown-it-12.2.3.tgz",
      "integrity": "sha512-GKMHFfv3458yYy+v/N8gjufHO6MSZKCOXpZc5GXIWWy8uldwfmPn98vp81gZ5f9SVw8YYBctgfJ22a2d7AOMeQ==",
      "license": "MIT",
      "optional": true,
      "dependencies": {
        "@types/linkify-it": "*",
        "@types/mdurl": "*"
      }
    },
    "node_modules/@types/mdurl": {
      "version": "2.0.0",
      "resolved": "https://registry.npmjs.org/@types/mdurl/-/mdurl-2.0.0.tgz",
      "integrity": "sha512-RGdgjQUZba5p6QEFAVx2OGb8rQDL/cPRG7GiedRzMcJ1tYnUANBncjbSB1NRGwbvjcPeikRABz2nshyPk1bhWg==",
      "license": "MIT",
      "optional": true
    }
  }
}
